
Microsoft Visual Studio Solution File, Format Version 12.00
# Visual Studio Version 17
VisualStudioVersion = 17.10.35013.160
MinimumVisualStudioVersion = 10.0.40219.1
Project("{FAE04EC0-301F-11D3-BF4B-00C04F79EFBC}") = "InvoiceSystem", "InvoiceSystem\InvoiceSystem.csproj", "{93842E61-096C-46BE-8E0C-CB4C44801A85}"
EndProject
Global
	GlobalSection(SolutionConfigurationPlatforms) = preSolution
		Debug|Any CPU = Debug|Any CPU
		Release|Any CPU = Release|Any CPU
	EndGlobalSection
	GlobalSection(ProjectConfigurationPlatforms) = postSolution
		{93842E61-096C-46BE-8E0C-CB4C44801A85}.Debug|Any CPU.ActiveCfg = Debug|Any CPU
		{93842E61-096C-46BE-8E0C-CB4C44801A85}.Debug|Any CPU.Build.0 = Debug|Any CPU
		{93842E61-096C-46BE-8E0C-CB4C44801A85}.Release|Any CPU.ActiveCfg = Release|Any CPU
		{93842E61-096C-46BE-8E0C-CB4C44801A85}.Release|Any CPU.Build.0 = Release|Any CPU
	EndGlobalSection
	GlobalSection(SolutionProperties) = preSolution
		HideSolutionNode = FALSE
	EndGlobalSection
	GlobalSection(ExtensibilityGlobals) = postSolution
		SolutionGuid = {462E880C-15CA-4C64-A0EF-6F98817EEBAA}
	EndGlobalSection
EndGlobal
